
Microsoft Visual Studio Solution File, Format Version 12.00
# Visual Studio Version 16
VisualStudioVersion = 16.0.28803.352
MinimumVisualStudioVersion = 10.0.40219.1
Project("{9A19103F-16F7-4668-BE54-9A1E7A4F7556}") = "Commander.Core", "Commander.Core\Commander.Core.csproj", "{74B98727-BDEB-4589-941D-0F39C8CAD964}"
EndProject
Project("{9A19103F-16F7-4668-BE54-9A1E7A4F7556}") = "Commander.Abstractions", "Commander.Abstractions\Commander.Abstractions.csproj", "{6B43CE10-2DA6-4F71-B4BC-C6CCA1C04A62}"
EndProject
Project("{9A19103F-16F7-4668-BE54-9A1E7A4F7556}") = "Commander.MessageBus.Abstractions", "Commander.MessageBus.Abstractions\Commander.MessageBus.Abstractions.csproj", "{3D3A1FFD-23EA-4BB0-B4AE-2CBEE96DEAFC}"
EndProject
Global
	GlobalSection(SolutionConfigurationPlatforms) = preSolution
		Debug|Any CPU = Debug|Any CPU
		Release|Any CPU = Release|Any CPU
	EndGlobalSection
	GlobalSection(ProjectConfigurationPlatforms) = postSolution
		{74B98727-BDEB-4589-941D-0F39C8CAD964}.Debug|Any CPU.ActiveCfg = Debug|Any CPU
		{74B98727-BDEB-4589-941D-0F39C8CAD964}.Debug|Any CPU.Build.0 = Debug|Any CPU
		{74B98727-BDEB-4589-941D-0F39C8CAD964}.Release|Any CPU.ActiveCfg = Release|Any CPU
		{74B98727-BDEB-4589-941D-0F39C8CAD964}.Release|Any CPU.Build.0 = Release|Any CPU
		{6B43CE10-2DA6-4F71-B4BC-C6CCA1C04A62}.Debug|Any CPU.ActiveCfg = Debug|Any CPU
		{6B43CE10-2DA6-4F71-B4BC-C6CCA1C04A62}.Debug|Any CPU.Build.0 = Debug|Any CPU
		{6B43CE10-2DA6-4F71-B4BC-C6CCA1C04A62}.Release|Any CPU.ActiveCfg = Release|Any CPU
		{6B43CE10-2DA6-4F71-B4BC-C6CCA1C04A62}.Release|Any CPU.Build.0 = Release|Any CPU
		{3D3A1FFD-23EA-4BB0-B4AE-2CBEE96DEAFC}.Debug|Any CPU.ActiveCfg = Debug|Any CPU
		{3D3A1FFD-23EA-4BB0-B4AE-2CBEE96DEAFC}.Debug|Any CPU.Build.0 = Debug|Any CPU
		{3D3A1FFD-23EA-4BB0-B4AE-2CBEE96DEAFC}.Release|Any CPU.ActiveCfg = Release|Any CPU
		{3D3A1FFD-23EA-4BB0-B4AE-2CBEE96DEAFC}.Release|Any CPU.Build.0 = Release|Any CPU
	EndGlobalSection
	GlobalSection(SolutionProperties) = preSolution
		HideSolutionNode = FALSE
	EndGlobalSection
	GlobalSection(ExtensibilityGlobals) = postSolution
		SolutionGuid = {7026E6FD-756F-478D-BCB8-3CA7A62768C2}
	EndGlobalSection
EndGlobal
